{
  "lockfileVersion": 1,
  "workspaces": {
    "": {
      "name": "mc-launcher",
      "dependencies": {
        "enquirer": "^2.4.1",
        "find-process": "^2.0.0",
        "fkill": "^9.0.0",
        "minecraft-java-core": "^4.1.5",
        "open": "^10.2.0",
      },
      "devDependencies": {
        "@types/bun": "latest",
      },
      "peerDependencies": {
        "typescript": "^5",
      },
    },
  },
  "packages": {
    "@colors/colors": ["@colors/colors@1.5.0", "", {}, "sha512-ooWCrlZP11i8GImSjTHYHLkvFDP48nS4+204nGb1RiX/WXYHmJA2III9/e2DWVabCESdW7hBAEzHRqUn9OUVvQ=="],

    "@types/bun": ["@types/bun@1.2.21", "", { "dependencies": { "bun-types": "1.2.21" } }, "sha512-NiDnvEqmbfQ6dmZ3EeUO577s4P5bf4HCTXtI6trMc6f6RzirY5IrF3aIookuSpyslFzrnvv2lmEWv5HyC1X79A=="],

    "@types/node": ["@types/node@24.3.0", "", { "dependencies": { "undici-types": "~7.10.0" } }, "sha512-aPTXCrfwnDLj4VvXrm+UUCQjNEvJgNA8s5F1cvwQU+3KNltTOkBm1j30uNLyqqPNe7gE3KFzImYoZEfLhp4Yow=="],

    "@types/react": ["@types/react@19.1.12", "", { "dependencies": { "csstype": "^3.0.2" } }, "sha512-cMoR+FoAf/Jyq6+Df2/Z41jISvGZZ2eTlnsaJRptmZ76Caldwy1odD4xTr/gNV9VLj0AWgg/nmkevIyUfIIq5w=="],

    "aggregate-error": ["aggregate-error@5.0.0", "", { "dependencies": { "clean-stack": "^5.2.0", "indent-string": "^5.0.0" } }, "sha512-gOsf2YwSlleG6IjRYG2A7k0HmBMEo6qVNk9Bp/EaLgAJT5ngH6PXbqa4ItvnEwCm/velL5jAnQgsHsWnjhGmvw=="],

    "ansi-colors": ["ansi-colors@4.1.3", "", {}, "sha512-/6w/C21Pm1A7aZitlI5Ni/2J6FFQN8i1Cvz3kHABAAbw93v/NlvKdVOqz7CCWz/3iv/JplRSEEZ83XION15ovw=="],

    "ansi-regex": ["ansi-regex@5.0.1", "", {}, "sha512-quJQXlTSUGL2LH9SUXo8VwsY4soanhgo6LNSm84E1LBcE8s3O0wpdiRzyR9z/ZZJMlMWv37qOOb9pdJlMUEKFQ=="],

    "ansi-styles": ["ansi-styles@4.3.0", "", { "dependencies": { "color-convert": "^2.0.1" } }, "sha512-zbB9rCJAT1rbjiVDb2hqKFHNYLxgtk8NURxZ3IZwD3F6NtxbXZQCnnSi1Lkx+IDohdPlFp222wVALIheZJQSEg=="],

    "async": ["async@3.2.3", "", {}, "sha512-spZRyzKL5l5BZQrr/6m/SqFdBN0q3OCI0f9rjfBzCMBIP4p75P620rR3gTmaksNOhmzgdxcaxdNfMy6anrbM0g=="],

    "bun-types": ["bun-types@1.2.21", "", { "dependencies": { "@types/node": "*" }, "peerDependencies": { "@types/react": "^19" } }, "sha512-sa2Tj77Ijc/NTLS0/Odjq/qngmEPZfbfnOERi0KRUYhT9R8M4VBioWVmMWE5GrYbKMc+5lVybXygLdibHaqVqw=="],

    "bundle-name": ["bundle-name@4.1.0", "", { "dependencies": { "run-applescript": "^7.0.0" } }, "sha512-tjwM5exMg6BGRI+kNmTntNsvdZS1X8BFYS6tnJ2hdH0kVxM6/eVZ2xy+FqStSWvYmtfFMDLIxurorHwDKfDz5Q=="],

    "chalk": ["chalk@4.1.2", "", { "dependencies": { "ansi-styles": "^4.1.0", "supports-color": "^7.1.0" } }, "sha512-oKnbhFyRIXpUuez8iBMmyEa4nbj4IOQyuhc/wy9kY7/WVPcwIO9VA668Pu8RkO7+0G76SLROeyw9CpQ061i4mA=="],

    "clean-stack": ["clean-stack@5.2.0", "", { "dependencies": { "escape-string-regexp": "5.0.0" } }, "sha512-TyUIUJgdFnCISzG5zu3291TAsE77ddchd0bepon1VVQrKLGKFED4iXFEDQ24mIPdPBbyE16PK3F8MYE1CmcBEQ=="],

    "color-convert": ["color-convert@2.0.1", "", { "dependencies": { "color-name": "~1.1.4" } }, "sha512-RRECPsj7iu/xb5oKYcsFHSppFNnsj/52OVTRKb4zP5onXwVF3zVmmToNcOfGC+CRDpfK/U584fMg38ZHCaElKQ=="],

    "color-name": ["color-name@1.1.4", "", {}, "sha512-dOy+3AuW3a2wNbZHIuMZpTcgjGuLU/uBL/ubcZF9OXbDo8ff4O8yVp5Bf0efS8uEoYo5q4Fx7dY9OgQGXgAsQA=="],

    "colors": ["colors@1.0.3", "", {}, "sha512-pFGrxThWcWQ2MsAz6RtgeWe4NK2kUE1WfsrvvlctdII745EW9I0yflqhe7++M5LEc7bV2c/9/5zc8sFcpL0Drw=="],

    "commander": ["commander@12.1.0", "", {}, "sha512-Vw8qHK3bZM9y/P10u3Vib8o/DdkvA2OtPtZvD871QKjy74Wj1WSKFILMPRPSdUSx5RFK1arlJzEtA4PkFgnbuA=="],

    "cross-spawn": ["cross-spawn@7.0.6", "", { "dependencies": { "path-key": "^3.1.0", "shebang-command": "^2.0.0", "which": "^2.0.1" } }, "sha512-uV2QOWP2nWzsy2aMp8aRibhi9dlzF5Hgh5SHaB9OiTGEyDTiJJyx0uy51QXdyWbtAHNua4XJzUKca3OzKUd3vA=="],

    "csstype": ["csstype@3.1.3", "", {}, "sha512-M1uQkMl8rQK/szD0LNhtqxIPLpimGm8sOBwU7lLnCpSbTyY3yeU1Vc7l4KT5zT4s/yOxHH5O7tIuuLOCnLADRw=="],

    "cycle": ["cycle@1.0.3", "", {}, "sha512-TVF6svNzeQCOpjCqsy0/CSy8VgObG3wXusJ73xW2GbG5rGx7lC8zxDSURicsXI2UsGdi2L0QNRCi745/wUDvsA=="],

    "default-browser": ["default-browser@5.2.1", "", { "dependencies": { "bundle-name": "^4.1.0", "default-browser-id": "^5.0.0" } }, "sha512-WY/3TUME0x3KPYdRRxEJJvXRHV4PyPoUsxtZa78lwItwRQRHhd2U9xOscaT/YTf8uCXIAjeJOFBVEh/7FtD8Xg=="],

    "default-browser-id": ["default-browser-id@5.0.0", "", {}, "sha512-A6p/pu/6fyBcA1TRz/GqWYPViplrftcW2gZC9q79ngNCKAeR/X3gcEdXQHl4KNXV+3wgIJ1CPkJQ3IHM6lcsyA=="],

    "define-lazy-prop": ["define-lazy-prop@3.0.0", "", {}, "sha512-N+MeXYoqr3pOgn8xfyRPREN7gHakLYjhsHhWGT3fWAiL4IkAt0iDw14QiiEm2bE30c5XX5q0FtAA3CK5f9/BUg=="],

    "enquirer": ["enquirer@2.4.1", "", { "dependencies": { "ansi-colors": "^4.1.1", "strip-ansi": "^6.0.1" } }, "sha512-rRqJg/6gd538VHvR3PSrdRBb/1Vy2YfzHqzvbhGIQpDRKIa4FgV/54b5Q1xYSxOOwKvjXweS26E0Q+nAMwp2pQ=="],

    "escape-string-regexp": ["escape-string-regexp@5.0.0", "", {}, "sha512-/veY75JbMK4j1yjvuUxuVsiS/hr/4iHs9FTT6cgTexxdE0Ly/glccBAkloH/DofkjRbZU3bnoj38mOmhkZ0lHw=="],

    "execa": ["execa@8.0.1", "", { "dependencies": { "cross-spawn": "^7.0.3", "get-stream": "^8.0.1", "human-signals": "^5.0.0", "is-stream": "^3.0.0", "merge-stream": "^2.0.0", "npm-run-path": "^5.1.0", "onetime": "^6.0.0", "signal-exit": "^4.1.0", "strip-final-newline": "^3.0.0" } }, "sha512-VyhnebXciFV2DESc+p6B+y0LjSm0krU4OgJN44qFAhBY0TJ+1V61tYD2+wHusZ6F9n5K+vl8k0sTy7PEfV4qpg=="],

    "eyes": ["eyes@0.1.8", "", {}, "sha512-GipyPsXO1anza0AOZdy69Im7hGFCNB7Y/NGjDlZGJ3GJJLtwNSb2vrzYrTYJRrRloVx7pl+bhUaTB8yiccPvFQ=="],

    "find-process": ["find-process@2.0.0", "", { "dependencies": { "chalk": "~4.1.2", "commander": "^12.1.0", "loglevel": "^1.9.2" }, "bin": { "find-process": "dist/bin/find-process.js" } }, "sha512-YUBQnteWGASJoEVVsOXy6XtKAY2O1FCsWnnvQ8y0YwgY1rZiKeVptnFvMu6RSELZAJOGklqseTnUGGs5D0bKmg=="],

    "fkill": ["fkill@9.0.0", "", { "dependencies": { "aggregate-error": "^5.0.0", "execa": "^8.0.1", "pid-port": "^1.0.0", "process-exists": "^5.0.0", "ps-list": "^8.1.1", "taskkill": "^5.0.0" } }, "sha512-MdYSsbdCaIRjzo5edthZtWmEZVMfr1qrtYZUHIdO3swCE+CoZA8S5l0s4jDsYlTa9ZiXv0pTgpzE7s4N8NeUOA=="],

    "get-stream": ["get-stream@8.0.1", "", {}, "sha512-VaUJspBffn/LMCJVoMvSAdmscJyS1auj5Zulnn5UoYcY531UWmdwhRWkcGKnGU93m5HSXP9LP2usOryrBtQowA=="],

    "has-flag": ["has-flag@4.0.0", "", {}, "sha512-EykJT/Q1KjTWctppgIAgfSO0tKVuZUjhgMr17kqTumMl6Afv3EISleU7qZUzoXDFTAHTDC4NOoG/ZxU3EvlMPQ=="],

    "human-signals": ["human-signals@5.0.0", "", {}, "sha512-AXcZb6vzzrFAUE61HnN4mpLqd/cSIwNQjtNWR0euPm6y0iqx3G4gOXaIDdtdDwZmhwe82LA6+zinmW4UBWVePQ=="],

    "indent-string": ["indent-string@5.0.0", "", {}, "sha512-m6FAo/spmsW2Ab2fU35JTYwtOKa2yAwXSwgjSv1TJzh4Mh7mC3lzAOVLBprb72XsTrgkEIsl7YrFNAiDiRhIGg=="],

    "is-docker": ["is-docker@3.0.0", "", { "bin": { "is-docker": "cli.js" } }, "sha512-eljcgEDlEns/7AXFosB5K/2nCM4P7FQPkGc/DWLy5rmFEWvZayGrik1d9/QIY5nJ4f9YsVvBkA6kJpHn9rISdQ=="],

    "is-inside-container": ["is-inside-container@1.0.0", "", { "dependencies": { "is-docker": "^3.0.0" }, "bin": { "is-inside-container": "cli.js" } }, "sha512-KIYLCCJghfHZxqjYBE7rEy0OBuTd5xCHS7tHVgvCLkx7StIoaxwNW3hCALgEUjFfeRk+MG/Qxmp/vtETEF3tRA=="],

    "is-stream": ["is-stream@3.0.0", "", {}, "sha512-LnQR4bZ9IADDRSkvpqMGvt/tEJWclzklNgSw48V5EAaAeDd6qGvN8ei6k5p0tvxSR171VmGyHuTiAOfxAbr8kA=="],

    "is-wsl": ["is-wsl@3.1.0", "", { "dependencies": { "is-inside-container": "^1.0.0" } }, "sha512-UcVfVfaK4Sc4m7X3dUSoHoozQGBEFeDC+zVo06t98xe8CzHSZZBekNXH+tu0NalHolcJ/QAGqS46Hef7QXBIMw=="],

    "isexe": ["isexe@2.0.0", "", {}, "sha512-RHxMLp9lnKHGHRng9QFhRCMbYAcVpn69smSGcq3f36xjgVVWThj4qqLbTLlq7Ssj8B+fIQ1EuCEGI2lKsyQeIw=="],

    "isstream": ["isstream@0.1.2", "", {}, "sha512-Yljz7ffyPbrLpLngrMtZ7NduUgVvi6wG9RJ9IUcyCd59YQ911PBJphODUcbOVbqYfxe1wuYf/LJ8PauMRwsM/g=="],

    "lodash": ["lodash@4.17.21", "", {}, "sha512-v2kDEe57lecTulaDIuNTPy3Ry4gLGJ6Z1O3vE1krgXZNrsQ+LFTGHVxVjcXPs17LhbZVGedAJv8XZ1tvj5FvSg=="],

    "loglevel": ["loglevel@1.9.2", "", {}, "sha512-HgMmCqIJSAKqo68l0rS2AanEWfkxaZ5wNiEFb5ggm08lDs9Xl2KxBlX3PTcaD2chBM1gXAYf491/M2Rv8Jwayg=="],

    "merge-stream": ["merge-stream@2.0.0", "", {}, "sha512-abv/qOcuPfk3URPfDzmZU1LKmuw8kT+0nIHvKrKgFrwifol/doWcdA4ZqsWQ8ENrFKkd67Mfpo/LovbIUsbt3w=="],

    "mimic-fn": ["mimic-fn@4.0.0", "", {}, "sha512-vqiC06CuhBTUdZH+RYl8sFrL096vA45Ok5ISO6sE/Mr1jRbGH4Csnhi8f3wKVl7x8mO4Au7Ir9D3Oyv1VYMFJw=="],

    "minecraft-java-core": ["minecraft-java-core@4.1.5", "", { "dependencies": { "prompt": "^1.3.0", "semver": "^7.7.2", "tslib": "^2.8.1" } }, "sha512-qgR1YdavhFkV6MYYaWi88DoWnHKSJjmQJgsb4VfBm3VwogsT/tcTMfhooIPrDveT0G7cKXS7jl1qjmCPeqQR6A=="],

    "mute-stream": ["mute-stream@0.0.8", "", {}, "sha512-nnbWWOkoWyUsTjKrhgD0dcz22mdkSnpYqbEjIm2nhwhuxlSkpywJmBo8h0ZqJdkp73mb90SssHkN4rsRaBAfAA=="],

    "npm-run-path": ["npm-run-path@5.3.0", "", { "dependencies": { "path-key": "^4.0.0" } }, "sha512-ppwTtiJZq0O/ai0z7yfudtBpWIoxM8yE6nHi1X47eFR2EWORqfbu6CnPlNsjeN683eT0qG6H/Pyf9fCcvjnnnQ=="],

    "onetime": ["onetime@6.0.0", "", { "dependencies": { "mimic-fn": "^4.0.0" } }, "sha512-1FlR+gjXK7X+AsAHso35MnyN5KqGwJRi/31ft6x0M194ht7S+rWAvd7PHss9xSKMzE0asv1pyIHaJYq+BbacAQ=="],

    "open": ["open@10.2.0", "", { "dependencies": { "default-browser": "^5.2.1", "define-lazy-prop": "^3.0.0", "is-inside-container": "^1.0.0", "wsl-utils": "^0.1.0" } }, "sha512-YgBpdJHPyQ2UE5x+hlSXcnejzAvD0b22U2OuAP+8OnlJT+PjWPxtgmGqKKc+RgTM63U9gN0YzrYc71R2WT/hTA=="],

    "path-key": ["path-key@3.1.1", "", {}, "sha512-ojmeN0qd+y0jszEtoY48r0Peq5dwMEkIlCOu6Q5f41lfkswXuKtYrhgoTpLnyIcHm24Uhqx+5Tqm2InSwLhE6Q=="],

    "pid-port": ["pid-port@1.0.2", "", { "dependencies": { "execa": "^8.0.1" } }, "sha512-Khqp07zX8IJpmIg56bHrLxS3M0iSL4cq6wnMq8YE7r/hSw3Kn4QxYS6QJg8Bs22Z7CSVj7eSsxFuigYVIFWmjg=="],

    "process-exists": ["process-exists@5.0.0", "", { "dependencies": { "ps-list": "^8.0.0" } }, "sha512-6QPRh5fyHD8MaXr4GYML8K/YY0Sq5dKHGIOrAKS3cYpHQdmygFCcijIu1dVoNKAZ0TWAMoeh8KDK9dF8auBkJA=="],

    "prompt": ["prompt@1.3.0", "", { "dependencies": { "@colors/colors": "1.5.0", "async": "3.2.3", "read": "1.0.x", "revalidator": "0.1.x", "winston": "2.x" } }, "sha512-ZkaRWtaLBZl7KKAKndKYUL8WqNT+cQHKRZnT4RYYms48jQkFw3rrBL+/N5K/KtdEveHkxs982MX2BkDKub2ZMg=="],

    "ps-list": ["ps-list@8.1.1", "", {}, "sha512-OPS9kEJYVmiO48u/B9qneqhkMvgCxT+Tm28VCEJpheTpl8cJ0ffZRRNgS5mrQRTrX5yRTpaJ+hRDeefXYmmorQ=="],

    "read": ["read@1.0.7", "", { "dependencies": { "mute-stream": "~0.0.4" } }, "sha512-rSOKNYUmaxy0om1BNjMN4ezNT6VKK+2xF4GBhc81mkH7L60i6dp8qPYrkndNLT3QPphoII3maL9PVC9XmhHwVQ=="],

    "revalidator": ["revalidator@0.1.8", "", {}, "sha512-xcBILK2pA9oh4SiinPEZfhP8HfrB/ha+a2fTMyl7Om2WjlDVrOQy99N2MXXlUHqGJz4qEu2duXxHJjDWuK/0xg=="],

    "run-applescript": ["run-applescript@7.0.0", "", {}, "sha512-9by4Ij99JUr/MCFBUkDKLWK3G9HVXmabKz9U5MlIAIuvuzkiOicRYs8XJLxX+xahD+mLiiCYDqF9dKAgtzKP1A=="],

    "semver": ["semver@7.7.2", "", { "bin": { "semver": "bin/semver.js" } }, "sha512-RF0Fw+rO5AMf9MAyaRXI4AV0Ulj5lMHqVxxdSgiVbixSCXoEmmX/jk0CuJw4+3SqroYO9VoUh+HcuJivvtJemA=="],

    "shebang-command": ["shebang-command@2.0.0", "", { "dependencies": { "shebang-regex": "^3.0.0" } }, "sha512-kHxr2zZpYtdmrN1qDjrrX/Z1rR1kG8Dx+gkpK1G4eXmvXswmcE1hTWBWYUzlraYw1/yZp6YuDY77YtvbN0dmDA=="],

    "shebang-regex": ["shebang-regex@3.0.0", "", {}, "sha512-7++dFhtcx3353uBaq8DDR4NuxBetBzC7ZQOhmTQInHEd6bSrXdiEyzCvG07Z44UYdLShWUyXt5M/yhz8ekcb1A=="],

    "signal-exit": ["signal-exit@4.1.0", "", {}, "sha512-bzyZ1e88w9O1iNJbKnOlvYTrWPDl46O1bG0D3XInv+9tkPrxrN8jUUTiFlDkkmKWgn1M6CfIA13SuGqOa9Korw=="],

    "stack-trace": ["stack-trace@0.0.10", "", {}, "sha512-KGzahc7puUKkzyMt+IqAep+TVNbKP+k2Lmwhub39m1AsTSkaDutx56aDCo+HLDzf/D26BIHTJWNiTG1KAJiQCg=="],

    "strip-ansi": ["strip-ansi@6.0.1", "", { "dependencies": { "ansi-regex": "^5.0.1" } }, "sha512-Y38VPSHcqkFrCpFnQ9vuSXmquuv5oXOKpGeT6aGrr3o3Gc9AlVa6JBfUSOCnbxGGZF+/0ooI7KrPuUSztUdU5A=="],

    "strip-final-newline": ["strip-final-newline@3.0.0", "", {}, "sha512-dOESqjYr96iWYylGObzd39EuNTa5VJxyvVAEm5Jnh7KGo75V43Hk1odPQkNDyXNmUR6k+gEiDVXnjB8HJ3crXw=="],

    "supports-color": ["supports-color@7.2.0", "", { "dependencies": { "has-flag": "^4.0.0" } }, "sha512-qpCAvRl9stuOHveKsn7HncJRvv501qIacKzQlO/+Lwxc9+0q2wLyv4Dfvt80/DPn2pqOBsJdDiogXGR9+OvwRw=="],

    "taskkill": ["taskkill@5.0.0", "", { "dependencies": { "execa": "^6.1.0" } }, "sha512-+HRtZ40Vc+6YfCDWCeAsixwxJgMbPY4HHuTgzPYH3JXvqHWUlsCfy+ylXlAKhFNcuLp4xVeWeFBUhDk+7KYUvQ=="],

    "tslib": ["tslib@2.8.1", "", {}, "sha512-oJFu94HQb+KVduSUQL7wnpmqnfmLsOA/nAh6b6EH0wCEoK0/mPeXU6c3wKDV83MkOuHPRHtSXKKU99IBazS/2w=="],

    "typescript": ["typescript@5.9.2", "", { "bin": { "tsc": "bin/tsc", "tsserver": "bin/tsserver" } }, "sha512-CWBzXQrc/qOkhidw1OzBTQuYRbfyxDXJMVJ1XNwUHGROVmuaeiEm3OslpZ1RV96d7SKKjZKrSJu3+t/xlw3R9A=="],

    "undici-types": ["undici-types@7.10.0", "", {}, "sha512-t5Fy/nfn+14LuOc2KNYg75vZqClpAiqscVvMygNnlsHBFpSXdJaYtXMcdNLpl/Qvc3P2cB3s6lOV51nqsFq4ag=="],

    "which": ["which@2.0.2", "", { "dependencies": { "isexe": "^2.0.0" }, "bin": { "node-which": "./bin/node-which" } }, "sha512-BLI3Tl1TW3Pvl70l3yq3Y64i+awpwXqsGBYWkkqMtnbXgrMD+yj7rhW0kuEDxzJaYXGjEW5ogapKNMEKNMjibA=="],

    "winston": ["winston@2.4.7", "", { "dependencies": { "async": "^2.6.4", "colors": "1.0.x", "cycle": "1.0.x", "eyes": "0.1.x", "isstream": "0.1.x", "stack-trace": "0.0.x" } }, "sha512-vLB4BqzCKDnnZH9PHGoS2ycawueX4HLqENXQitvFHczhgW2vFpSOn31LZtVr1KU8YTw7DS4tM+cqyovxo8taVg=="],

    "wsl-utils": ["wsl-utils@0.1.0", "", { "dependencies": { "is-wsl": "^3.1.0" } }, "sha512-h3Fbisa2nKGPxCpm89Hk33lBLsnaGBvctQopaBSOW/uIs6FTe1ATyAnKFJrzVs9vpGdsTe73WF3V4lIsk4Gacw=="],

    "npm-run-path/path-key": ["path-key@4.0.0", "", {}, "sha512-haREypq7xkM7ErfgIyA0z+Bj4AGKlMSdlQE2jvJo6huWD1EdkKYV+G/T4nq0YEF2vgTT8kqMFKo1uHn950r4SQ=="],

    "taskkill/execa": ["execa@6.1.0", "", { "dependencies": { "cross-spawn": "^7.0.3", "get-stream": "^6.0.1", "human-signals": "^3.0.1", "is-stream": "^3.0.0", "merge-stream": "^2.0.0", "npm-run-path": "^5.1.0", "onetime": "^6.0.0", "signal-exit": "^3.0.7", "strip-final-newline": "^3.0.0" } }, "sha512-QVWlX2e50heYJcCPG0iWtf8r0xjEYfz/OYLGDYH+IyjWezzPNxz63qNFOu0l4YftGWuizFVZHHs8PrLU5p2IDA=="],

    "winston/async": ["async@2.6.4", "", { "dependencies": { "lodash": "^4.17.14" } }, "sha512-mzo5dfJYwAn29PeiJ0zvwTo04zj8HDJj0Mn8TD7sno7q12prdbnasKJHhkm2c1LgrhlJ0teaea8860oxi51mGA=="],

    "taskkill/execa/get-stream": ["get-stream@6.0.1", "", {}, "sha512-ts6Wi+2j3jQjqi70w5AlN8DFnkSwC+MqmxEzdEALB2qXZYV3X/b1CTfgPLGJNMeAWxdPfU8FO1ms3NUfaHCPYg=="],

    "taskkill/execa/human-signals": ["human-signals@3.0.1", "", {}, "sha512-rQLskxnM/5OCldHo+wNXbpVgDn5A17CUoKX+7Sokwaknlq7CdSnphy0W39GU8dw59XiCXmFXDg4fRuckQRKewQ=="],

    "taskkill/execa/signal-exit": ["signal-exit@3.0.7", "", {}, "sha512-wnD2ZE+l+SPC/uoS0vXeE9L1+0wuaMqKlfz9AMUo38JsyLSBWSFcHR1Rri62LZc12vLr1gb3jl7iwQhgwpAbGQ=="],
  }
}
